// !$*UTF8*$!
{
	archiveVersion = 1;
	classes = {
	};
	objectVersion = 46;
	objects = {

/* Begin PBXBuildFile section */
		A3F78D191AE61EFA00F0486D /* AppDelegate.swift in Sources */ = {isa = PBXBuildFile; fileRef = A3F78D181AE61EFA00F0486D /* AppDelegate.swift */; };
		A3F78D201AE61EFA00F0486D /* Images.xcassets in Resources */ = {isa = PBXBuildFile; fileRef = A3F78D1F1AE61EFA00F0486D /* Images.xcassets */; };
		A3F78D231AE61EFA00F0486D /* LaunchScreen.xib in Resources */ = {isa = PBXBuildFile; fileRef = A3F78D211AE61EFA00F0486D /* LaunchScreen.xib */; };
		A3F78D2F1AE61EFA00F0486D /* XHSideMenuDemoTests.swift in Sources */ = {isa = PBXBuildFile; fileRef = A3F78D2E1AE61EFA00F0486D /* XHSideMenuDemoTests.swift */; };
		A3F78D3F1AE61F5400F0486D /* XHCenterController.swift in Sources */ = {isa = PBXBuildFile; fileRef = A3F78D391AE61F5400F0486D /* XHCenterController.swift */; };
		A3F78D401AE61F5400F0486D /* XHChildVCHelper.swift in Sources */ = {isa = PBXBuildFile; fileRef = A3F78D3A1AE61F5400F0486D /* XHChildVCHelper.swift */; };
		A3F78D411AE61F5400F0486D /* XHContainerController.swift in Sources */ = {isa = PBXBuildFile; fileRef = A3F78D3B1AE61F5400F0486D /* XHContainerController.swift */; };
		A3F78D421AE61F5400F0486D /* XHMenuButton.swift in Sources */ = {isa = PBXBuildFile; fileRef = A3F78D3C1AE61F5400F0486D /* XHMenuButton.swift */; };
		A3F78D431AE61F5400F0486D /* XHMenuHeader.swift in Sources */ = {isa = PBXBuildFile; fileRef = A3F78D3D1AE61F5400F0486D /* XHMenuHeader.swift */; };
		A3F78D441AE61F5400F0486D /* XHMenuController.swift in Sources */ = {isa = PBXBuildFile; fileRef = A3F78D3E1AE61F5400F0486D /* XHMenuController.swift */; };
		A3F78D461AE6233A00F0486D /* XHMenuConfig.swift in Sources */ = {isa = PBXBuildFile; fileRef = A3F78D451AE6233A00F0486D /* XHMenuConfig.swift */; };
		A3F78D491AE625B500F0486D /* FirstVC.swift in Sources */ = {isa = PBXBuildFile; fileRef = A3F78D481AE625B500F0486D /* FirstVC.swift */; };
		A3F78D4B1AE625C900F0486D /* SecondVC.swift in Sources */ = {isa = PBXBuildFile; fileRef = A3F78D4A1AE625C900F0486D /* SecondVC.swift */; };
		A3F78D4D1AE625D700F0486D /* ThirdVC.swift in Sources */ = {isa = PBXBuildFile; fileRef = A3F78D4C1AE625D700F0486D /* ThirdVC.swift */; };
		A3F78D4F1AE625ED00F0486D /* FourthVC.swift in Sources */ = {isa = PBXBuildFile; fileRef = A3F78D4E1AE625ED00F0486D /* FourthVC.swift */; };
		A3F78D511AE6260000F0486D /* FifthVC.swift in Sources */ = {isa = PBXBuildFile; fileRef = A3F78D501AE6260000F0486D /* FifthVC.swift */; };
/* End PBXBuildFile section */

/* Begin PBXContainerItemProxy section */
		A3F78D291AE61EFA00F0486D /* PBXContainerItemProxy */ = {
			isa = PBXContainerItemProxy;
			containerPortal = A3F78D0B1AE61EFA00F0486D /* Project object */;
			proxyType = 1;
			remoteGlobalIDString = A3F78D121AE61EFA00F0486D;
			remoteInfo = XHSideMenuDemo;
		};
/* End PBXContainerItemProxy section */

/* Begin PBXFileReference section */
		A3F78D131AE61EFA00F0486D /* XHSideMenuDemo.app */ = {isa = PBXFileReference; explicitFileType = wrapper.application; includeInIndex = 0; path = XHSideMenuDemo.app; sourceTree = BUILT_PRODUCTS_DIR; };
		A3F78D171AE61EFA00F0486D /* Info.plist */ = {isa = PBXFileReference; lastKnownFileType = text.plist.xml; path = Info.plist; sourceTree = "<group>"; };
		A3F78D181AE61EFA00F0486D /* AppDelegate.swift */ = {isa = PBXFileReference; lastKnownFileType = sourcecode.swift; path = AppDelegate.swift; sourceTree = "<group>"; };
		A3F78D1F1AE61EFA00F0486D /* Images.xcassets */ = {isa = PBXFileReference; lastKnownFileType = folder.assetcatalog; path = Images.xcassets; sourceTree = "<group>"; };
		A3F78D221AE61EFA00F0486D /* Base */ = {isa = PBXFileReference; lastKnownFileType = file.xib; name = Base; path = Base.lproj/LaunchScreen.xib; sourceTree = "<group>"; };
		A3F78D281AE61EFA00F0486D /* XHSideMenuDemoTests.xctest */ = {isa = PBXFileReference; explicitFileType = wrapper.cfbundle; includeInIndex = 0; path = XHSideMenuDemoTests.xctest; sourceTree = BUILT_PRODUCTS_DIR; };
		A3F78D2D1AE61EFA00F0486D /* Info.plist */ = {isa = PBXFileReference; lastKnownFileType = text.plist.xml; path = Info.plist; sourceTree = "<group>"; };
		A3F78D2E1AE61EFA00F0486D /* XHSideMenuDemoTests.swift */ = {isa = PBXFileReference; lastKnownFileType = sourcecode.swift; path = XHSideMenuDemoTests.swift; sourceTree = "<group>"; };
		A3F78D391AE61F5400F0486D /* XHCenterController.swift */ = {isa = PBXFileReference; fileEncoding = 4; lastKnownFileType = sourcecode.swift; path = XHCenterController.swift; sourceTree = "<group>"; };
		A3F78D3A1AE61F5400F0486D /* XHChildVCHelper.swift */ = {isa = PBXFileReference; fileEncoding = 4; lastKnownFileType = sourcecode.swift; path = XHChildVCHelper.swift; sourceTree = "<group>"; };
		A3F78D3B1AE61F5400F0486D /* XHContainerController.swift */ = {isa = PBXFileReference; fileEncoding = 4; lastKnownFileType = sourcecode.swift; path = XHContainerController.swift; sourceTree = "<group>"; };
		A3F78D3C1AE61F5400F0486D /* XHMenuButton.swift */ = {isa = PBXFileReference; fileEncoding = 4; lastKnownFileType = sourcecode.swift; path = XHMenuButton.swift; sourceTree = "<group>"; };
		A3F78D3D1AE61F5400F0486D /* XHMenuHeader.swift */ = {isa = PBXFileReference; fileEncoding = 4; lastKnownFileType = sourcecode.swift; path = XHMenuHeader.swift; sourceTree = "<group>"; };
		A3F78D3E1AE61F5400F0486D /* XHMenuController.swift */ = {isa = PBXFileReference; fileEncoding = 4; lastKnownFileType = sourcecode.swift; path = XHMenuController.swift; sourceTree = "<group>"; };
		A3F78D451AE6233A00F0486D /* XHMenuConfig.swift */ = {isa = PBXFileReference; fileEncoding = 4; lastKnownFileType = sourcecode.swift; path = XHMenuConfig.swift; sourceTree = "<group>"; };
		A3F78D481AE625B500F0486D /* FirstVC.swift */ = {isa = PBXFileReference; fileEncoding = 4; lastKnownFileType = sourcecode.swift; path = FirstVC.swift; sourceTree = "<group>"; };
		A3F78D4A1AE625C900F0486D /* SecondVC.swift */ = {isa = PBXFileReference; fileEncoding = 4; lastKnownFileType = sourcecode.swift; path = SecondVC.swift; sourceTree = "<group>"; };
		A3F78D4C1AE625D700F0486D /* ThirdVC.swift */ = {isa = PBXFileReference; fileEncoding = 4; lastKnownFileType = sourcecode.swift; path = ThirdVC.swift; sourceTree = "<group>"; };
		A3F78D4E1AE625ED00F0486D /* FourthVC.swift */ = {isa = PBXFileReference; fileEncoding = 4; lastKnownFileType = sourcecode.swift; path = FourthVC.swift; sourceTree = "<group>"; };
		A3F78D501AE6260000F0486D /* FifthVC.swift */ = {isa = PBXFileReference; fileEncoding = 4; lastKnownFileType = sourcecode.swift; path = FifthVC.swift; sourceTree = "<group>"; };
/* End PBXFileReference section */

/* Begin PBXFrameworksBuildPhase section */
		A3F78D101AE61EFA00F0486D /* Frameworks */ = {
			isa = PBXFrameworksBuildPhase;
			buildActionMask = 2147483647;
			files = (
			);
			runOnlyForDeploymentPostprocessing = 0;
		};
		A3F78D251AE61EFA00F0486D /* Frameworks */ = {
			isa = PBXFrameworksBuildPhase;
			buildActionMask = 2147483647;
			files = (
			);
			runOnlyForDeploymentPostprocessing = 0;
		};
/* End PBXFrameworksBuildPhase section */

/* Begin PBXGroup section */
		A3F78D0A1AE61EFA00F0486D = {
			isa = PBXGroup;
			children = (
				A3F78D151AE61EFA00F0486D /* XHSideMenuDemo */,
				A3F78D2B1AE61EFA00F0486D /* XHSideMenuDemoTests */,
				A3F78D141AE61EFA00F0486D /* Products */,
			);
			sourceTree = "<group>";
		};
		A3F78D141AE61EFA00F0486D /* Products */ = {
			isa = PBXGroup;
			children = (
				A3F78D131AE61EFA00F0486D /* XHSideMenuDemo.app */,
				A3F78D281AE61EFA00F0486D /* XHSideMenuDemoTests.xctest */,
			);
			name = Products;
			sourceTree = "<group>";
		};
		A3F78D151AE61EFA00F0486D /* XHSideMenuDemo */ = {
			isa = PBXGroup;
			children = (
				A3F78D471AE625A300F0486D /* Classes */,
				A3F78D381AE61F5400F0486D /* XHSideMenu */,
				A3F78D181AE61EFA00F0486D /* AppDelegate.swift */,
				A3F78D1F1AE61EFA00F0486D /* Images.xcassets */,
				A3F78D211AE61EFA00F0486D /* LaunchScreen.xib */,
				A3F78D161AE61EFA00F0486D /* Supporting Files */,
			);
			path = XHSideMenuDemo;
			sourceTree = "<group>";
		};
		A3F78D161AE61EFA00F0486D /* Supporting Files */ = {
			isa = PBXGroup;
			children = (
				A3F78D171AE61EFA00F0486D /* Info.plist */,
			);
			name = "Supporting Files";
			sourceTree = "<group>";
		};
		A3F78D2B1AE61EFA00F0486D /* XHSideMenuDemoTests */ = {
			isa = PBXGroup;
			children = (
				A3F78D2E1AE61EFA00F0486D /* XHSideMenuDemoTests.swift */,
				A3F78D2C1AE61EFA00F0486D /* Supporting Files */,
			);
			path = XHSideMenuDemoTests;
			sourceTree = "<group>";
		};
		A3F78D2C1AE61EFA00F0486D /* Supporting Files */ = {
			isa = PBXGroup;
			children = (
				A3F78D2D1AE61EFA00F0486D /* Info.plist */,
			);
			name = "Supporting Files";
			sourceTree = "<group>";
		};
		A3F78D381AE61F5400F0486D /* XHSideMenu */ = {
			isa = PBXGroup;
			children = (
				A3F78D391AE61F5400F0486D /* XHCenterController.swift */,
				A3F78D3A1AE61F5400F0486D /* XHChildVCHelper.swift */,
				A3F78D3B1AE61F5400F0486D /* XHContainerController.swift */,
				A3F78D3C1AE61F5400F0486D /* XHMenuButton.swift */,
				A3F78D3D1AE61F5400F0486D /* XHMenuHeader.swift */,
				A3F78D3E1AE61F5400F0486D /* XHMenuController.swift */,
				A3F78D451AE6233A00F0486D /* XHMenuConfig.swift */,
			);
			path = XHSideMenu;
			sourceTree = "<group>";
		};
		A3F78D471AE625A300F0486D /* Classes */ = {
			isa = PBXGroup;
			children = (
				A3F78D481AE625B500F0486D /* FirstVC.swift */,
				A3F78D4A1AE625C900F0486D /* SecondVC.swift */,
				A3F78D4C1AE625D700F0486D /* ThirdVC.swift */,
				A3F78D4E1AE625ED00F0486D /* FourthVC.swift */,
				A3F78D501AE6260000F0486D /* FifthVC.swift */,
			);
			path = Classes;
			sourceTree = "<group>";
		};
/* End PBXGroup section */

/* Begin PBXNativeTarget section */
		A3F78D121AE61EFA00F0486D /* XHSideMenuDemo */ = {
			isa = PBXNativeTarget;
			buildConfigurationList = A3F78D321AE61EFA00F0486D /* Build configuration list for PBXNativeTarget "XHSideMenuDemo" */;
			buildPhases = (
				A3F78D0F1AE61EFA00F0486D /* Sources */,
				A3F78D101AE61EFA00F0486D /* Frameworks */,
				A3F78D111AE61EFA00F0486D /* Resources */,
			);
			buildRules = (
			);
			dependencies = (
			);
			name = XHSideMenuDemo;
			productName = XHSideMenuDemo;
			productReference = A3F78D131AE61EFA00F0486D /* XHSideMenuDemo.app */;
			productType = "com.apple.product-type.application";
		};
		A3F78D271AE61EFA00F0486D /* XHSideMenuDemoTests */ = {
			isa = PBXNativeTarget;
			buildConfigurationList = A3F78D351AE61EFA00F0486D /* Build configuration list for PBXNativeTarget "XHSideMenuDemoTests" */;
			buildPhases = (
				A3F78D241AE61EFA00F0486D /* Sources */,
				A3F78D251AE61EFA00F0486D /* Frameworks */,
				A3F78D261AE61EFA00F0486D /* Resources */,
			);
			buildRules = (
			);
			dependencies = (
				A3F78D2A1AE61EFA00F0486D /* PBXTargetDependency */,
			);
			name = XHSideMenuDemoTests;
			productName = XHSideMenuDemoTests;
			productReference = A3F78D281AE61EFA00F0486D /* XHSideMenuDemoTests.xctest */;
			productType = "com.apple.product-type.bundle.unit-test";
		};
/* End PBXNativeTarget section */

/* Begin PBXProject section */
		A3F78D0B1AE61EFA00F0486D /* Project object */ = {
			isa = PBXProject;
			attributes = {
				LastUpgradeCheck = 0620;
				ORGANIZATIONNAME = sunny;
				TargetAttributes = {
					A3F78D121AE61EFA00F0486D = {
						CreatedOnToolsVersion = 6.2;
					};
					A3F78D271AE61EFA00F0486D = {
						CreatedOnToolsVersion = 6.2;
						TestTargetID = A3F78D121AE61EFA00F0486D;
					};
				};
			};
			buildConfigurationList = A3F78D0E1AE61EFA00F0486D /* Build configuration list for PBXProject "XHSideMenuDemo" */;
			compatibilityVersion = "Xcode 3.2";
			developmentRegion = English;
			hasScannedForEncodings = 0;
			knownRegions = (
				en,
				Base,
			);
			mainGroup = A3F78D0A1AE61EFA00F0486D;
			productRefGroup = A3F78D141AE61EFA00F0486D /* Products */;
			projectDirPath = "";
			projectRoot = "";
			targets = (
				A3F78D121AE61EFA00F0486D /* XHSideMenuDemo */,
				A3F78D271AE61EFA00F0486D /* XHSideMenuDemoTests */,
			);
		};
/* End PBXProject section */

/* Begin PBXResourcesBuildPhase section */
		A3F78D111AE61EFA00F0486D /* Resources */ = {
			isa = PBXResourcesBuildPhase;
			buildActionMask = 2147483647;
			files = (
				A3F78D231AE61EFA00F0486D /* LaunchScreen.xib in Resources */,
				A3F78D201AE61EFA00F0486D /* Images.xcassets in Resources */,
			);
			runOnlyForDeploymentPostprocessing = 0;
		};
		A3F78D261AE61EFA00F0486D /* Resources */ = {
			isa = PBXResourcesBuildPhase;
			buildActionMask = 2147483647;
			files = (
			);
			runOnlyForDeploymentPostprocessing = 0;
		};
/* End PBXResourcesBuildPhase section */

/* Begin PBXSourcesBuildPhase section */
		A3F78D0F1AE61EFA00F0486D /* Sources */ = {
			isa = PBXSourcesBuildPhase;
			buildActionMask = 2147483647;
			files = (
				A3F78D461AE6233A00F0486D /* XHMenuConfig.swift in Sources */,
				A3F78D441AE61F5400F0486D /* XHMenuController.swift in Sources */,
				A3F78D511AE6260000F0486D /* FifthVC.swift in Sources */,
				A3F78D3F1AE61F5400F0486D /* XHCenterController.swift in Sources */,
				A3F78D421AE61F5400F0486D /* XHMenuButton.swift in Sources */,
				A3F78D431AE61F5400F0486D /* XHMenuHeader.swift in Sources */,
				A3F78D411AE61F5400F0486D /* XHContainerController.swift in Sources */,
				A3F78D4F1AE625ED00F0486D /* FourthVC.swift in Sources */,
				A3F78D4D1AE625D700F0486D /* ThirdVC.swift in Sources */,
				A3F78D4B1AE625C900F0486D /* SecondVC.swift in Sources */,
				A3F78D191AE61EFA00F0486D /* AppDelegate.swift in Sources */,
				A3F78D491AE625B500F0486D /* FirstVC.swift in Sources */,
				A3F78D401AE61F5400F0486D /* XHChildVCHelper.swift in Sources */,
			);
			runOnlyForDeploymentPostprocessing = 0;
		};
		A3F78D241AE61EFA00F0486D /* Sources */ = {
			isa = PBXSourcesBuildPhase;
			buildActionMask = 2147483647;
			files = (
				A3F78D2F1AE61EFA00F0486D /* XHSideMenuDemoTests.swift in Sources */,
			);
			runOnlyForDeploymentPostprocessing = 0;
		};
/* End PBXSourcesBuildPhase section */

/* Begin PBXTargetDependency section */
		A3F78D2A1AE61EFA00F0486D /* PBXTargetDependency */ = {
			isa = PBXTargetDependency;
			target = A3F78D121AE61EFA00F0486D /* XHSideMenuDemo */;
			targetProxy = A3F78D291AE61EFA00F0486D /* PBXContainerItemProxy */;
		};
/* End PBXTargetDependency section */

/* Begin PBXVariantGroup section */
		A3F78D211AE61EFA00F0486D /* LaunchScreen.xib */ = {
			isa = PBXVariantGroup;
			children = (
				A3F78D221AE61EFA00F0486D /* Base */,
			);
			name = LaunchScreen.xib;
			sourceTree = "<group>";
		};
/* End PBXVariantGroup section */

/* Begin XCBuildConfiguration section */
		A3F78D301AE61EFA00F0486D /* Debug */ = {
			isa = XCBuildConfiguration;
			buildSettings = {
				ALWAYS_SEARCH_USER_PATHS = NO;
				CLANG_CXX_LANGUAGE_STANDARD = "gnu++0x";
				CLANG_CXX_LIBRARY = "libc++";
				CLANG_ENABLE_MODULES = YES;
				CLANG_ENABLE_OBJC_ARC = YES;
				CLANG_WARN_BOOL_CONVERSION = YES;
				CLANG_WARN_CONSTANT_CONVERSION = YES;
				CLANG_WARN_DIRECT_OBJC_ISA_USAGE = YES_ERROR;
				CLANG_WARN_EMPTY_BODY = YES;
				CLANG_WARN_ENUM_CONVERSION = YES;
				CLANG_WARN_INT_CONVERSION = YES;
				CLANG_WARN_OBJC_ROOT_CLASS = YES_ERROR;
				CLANG_WARN_UNREACHABLE_CODE = YES;
				CLANG_WARN__DUPLICATE_METHOD_MATCH = YES;
				"CODE_SIGN_IDENTITY[sdk=iphoneos*]" = "iPhone Developer";
				COPY_PHASE_STRIP = NO;
				ENABLE_STRICT_OBJC_MSGSEND = YES;
				GCC_C_LANGUAGE_STANDARD = gnu99;
				GCC_DYNAMIC_NO_PIC = NO;
				GCC_OPTIMIZATION_LEVEL = 0;
				GCC_PREPROCESSOR_DEFINITIONS = (
					"DEBUG=1",
					"$(inherited)",
				);
				GCC_SYMBOLS_PRIVATE_EXTERN = NO;
				GCC_WARN_64_TO_32_BIT_CONVERSION = YES;
				GCC_WARN_ABOUT_RETURN_TYPE = YES_ERROR;
				GCC_WARN_UNDECLARED_SELECTOR = YES;
				GCC_WARN_UNINITIALIZED_AUTOS = YES_AGGRESSIVE;
				GCC_WARN_UNUSED_FUNCTION = YES;
				GCC_WARN_UNUSED_VARIABLE = YES;
				IPHONEOS_DEPLOYMENT_TARGET = 8.2;
				MTL_ENABLE_DEBUG_INFO = YES;
				ONLY_ACTIVE_ARCH = YES;
				SDKROOT = iphoneos;
				SWIFT_OPTIMIZATION_LEVEL = "-Onone";
			};
			name = Debug;
		};
		A3F78D311AE61EFA00F0486D /* Release */ = {
			isa = XCBuildConfiguration;
			buildSettings = {
				ALWAYS_SEARCH_USER_PATHS = NO;
				CLANG_CXX_LANGUAGE_STANDARD = "gnu++0x";
				CLANG_CXX_LIBRARY = "libc++";
				CLANG_ENABLE_MODULES = YES;
				CLANG_ENABLE_OBJC_ARC = YES;
				CLANG_WARN_BOOL_CONVERSION = YES;
				CLANG_WARN_CONSTANT_CONVERSION = YES;
				CLANG_WARN_DIRECT_OBJC_ISA_USAGE = YES_ERROR;
				CLANG_WARN_EMPTY_BODY = YES;
				CLANG_WARN_ENUM_CONVERSION = YES;
				CLANG_WARN_INT_CONVERSION = YES;
				CLANG_WARN_OBJC_ROOT_CLASS = YES_ERROR;
				CLANG_WARN_UNREACHABLE_CODE = YES;
				CLANG_WARN__DUPLICATE_METHOD_MATCH = YES;
				"CODE_SIGN_IDENTITY[sdk=iphoneos*]" = "iPhone Developer";
				COPY_PHASE_STRIP = NO;
				ENABLE_NS_ASSERTIONS = NO;
				ENABLE_STRICT_OBJC_MSGSEND = YES;
				GCC_C_LANGUAGE_STANDARD = gnu99;
				GCC_WARN_64_TO_32_BIT_CONVERSION = YES;
				GCC_WARN_ABOUT_RETURN_TYPE = YES_ERROR;
				GCC_WARN_UNDECLARED_SELECTOR = YES;
				GCC_WARN_UNINITIALIZED_AUTOS = YES_AGGRESSIVE;
				GCC_WARN_UNUSED_FUNCTION = YES;
				GCC_WARN_UNUSED_VARIABLE = YES;
				IPHONEOS_DEPLOYMENT_TARGET = 8.2;
				MTL_ENABLE_DEBUG_INFO = NO;
				SDKROOT = iphoneos;
				VALIDATE_PRODUCT = YES;
			};
			name = Release;
		};
		A3F78D331AE61EFA00F0486D /* Debug */ = {
			isa = XCBuildConfiguration;
			buildSettings = {
				ASSETCATALOG_COMPILER_APPICON_NAME = AppIcon;
				INFOPLIST_FILE = XHSideMenuDemo/Info.plist;
				IPHONEOS_DEPLOYMENT_TARGET = 7.0;
				LD_RUNPATH_SEARCH_PATHS = "$(inherited) @executable_path/Frameworks";
				PRODUCT_NAME = "$(TARGET_NAME)";
			};
			name = Debug;
		};
		A3F78D341AE61EFA00F0486D /* Release */ = {
			isa = XCBuildConfiguration;
			buildSettings = {
				ASSETCATALOG_COMPILER_APPICON_NAME = AppIcon;
				INFOPLIST_FILE = XHSideMenuDemo/Info.plist;
				IPHONEOS_DEPLOYMENT_TARGET = 7.0;
				LD_RUNPATH_SEARCH_PATHS = "$(inherited) @executable_path/Frameworks";
				PRODUCT_NAME = "$(TARGET_NAME)";
			};
			name = Release;
		};
		A3F78D361AE61EFA00F0486D /* Debug */ = {
			isa = XCBuildConfiguration;
			buildSettings = {
				BUNDLE_LOADER = "$(TEST_HOST)";
				FRAMEWORK_SEARCH_PATHS = (
					"$(SDKROOT)/Developer/Library/Frameworks",
					"$(inherited)",
				);
				GCC_PREPROCESSOR_DEFINITIONS = (
					"DEBUG=1",
					"$(inherited)",
				);
				INFOPLIST_FILE = XHSideMenuDemoTests/Info.plist;
				LD_RUNPATH_SEARCH_PATHS = "$(inherited) @executable_path/Frameworks @loader_path/Frameworks";
				PRODUCT_NAME = "$(TARGET_NAME)";
				TEST_HOST = "$(BUILT_PRODUCTS_DIR)/XHSideMenuDemo.app/XHSideMenuDemo";
			};
			name = Debug;
		};
		A3F78D371AE61EFA00F0486D /* Release */ = {
			isa = XCBuildConfiguration;
			buildSettings = {
				BUNDLE_LOADER = "$(TEST_HOST)";
				FRAMEWORK_SEARCH_PATHS = (
					"$(SDKROOT)/Developer/Library/Frameworks",
					"$(inherited)",
				);
				INFOPLIST_FILE = XHSideMenuDemoTests/Info.plist;
				LD_RUNPATH_SEARCH_PATHS = "$(inherited) @executable_path/Frameworks @loader_path/Frameworks";
				PRODUCT_NAME = "$(TARGET_NAME)";
				TEST_HOST = "$(BUILT_PRODUCTS_DIR)/XHSideMenuDemo.app/XHSideMenuDemo";
			};
			name = Release;
		};
/* End XCBuildConfiguration section */

/* Begin XCConfigurationList section */
		A3F78D0E1AE61EFA00F0486D /* Build configuration list for PBXProject "XHSideMenuDemo" */ = {
			isa = XCConfigurationList;
			buildConfigurations = (
				A3F78D301AE61EFA00F0486D /* Debug */,
				A3F78D311AE61EFA00F0486D /* Release */,
			);
			defaultConfigurationIsVisible = 0;
			defaultConfigurationName = Release;
		};
		A3F78D321AE61EFA00F0486D /* Build configuration list for PBXNativeTarget "XHSideMenuDemo" */ = {
			isa = XCConfigurationList;
			buildConfigurations = (
				A3F78D331AE61EFA00F0486D /* Debug */,
				A3F78D341AE61EFA00F0486D /* Release */,
			);
			defaultConfigurationIsVisible = 0;
		};
		A3F78D351AE61EFA00F0486D /* Build configuration list for PBXNativeTarget "XHSideMenuDemoTests" */ = {
			isa = XCConfigurationList;
			buildConfigurations = (
				A3F78D361AE61EFA00F0486D /* Debug */,
				A3F78D371AE61EFA00F0486D /* Release */,
			);
			defaultConfigurationIsVisible = 0;
		};
/* End XCConfigurationList section */
	};
	rootObject = A3F78D0B1AE61EFA00F0486D /* Project object */;
}
